// !$*UTF8*$!
{
	archiveVersion = 1;
	classes = {
	};
	objectVersion = 50;
	objects = {

/* Begin PBXBuildFile section */
		C53A012C210960BA00ED7909 /* UptimeChanger.c in Sources */ = {isa = PBXBuildFile; fileRef = C53A012B210960BA00ED7909 /* UptimeChanger.c */; };
		C53A01342109694600ED7909 /* kernel_resolver.c in Sources */ = {isa = PBXBuildFile; fileRef = C53A01332109694500ED7909 /* kernel_resolver.c */; };
		C53A01362109695E00ED7909 /* kernel_resolver.h in Headers */ = {isa = PBXBuildFile; fileRef = C53A01352109695E00ED7909 /* kernel_resolver.h */; };
/* End PBXBuildFile section */

/* Begin PBXFileReference section */
		C53A0128210960BA00ED7909 /* UptimeChanger.kext */ = {isa = PBXFileReference; explicitFileType = wrapper.cfbundle; includeInIndex = 0; path = UptimeChanger.kext; sourceTree = BUILT_PRODUCTS_DIR; };
		C53A012B210960BA00ED7909 /* UptimeChanger.c */ = {isa = PBXFileReference; lastKnownFileType = sourcecode.c.c; path = UptimeChanger.c; sourceTree = "<group>"; };
		C53A012D210960BA00ED7909 /* Info.plist */ = {isa = PBXFileReference; lastKnownFileType = text.plist.xml; path = Info.plist; sourceTree = "<group>"; };
		C53A01332109694500ED7909 /* kernel_resolver.c */ = {isa = PBXFileReference; fileEncoding = 4; lastKnownFileType = sourcecode.c.c; path = kernel_resolver.c; sourceTree = "<group>"; };
		C53A01352109695E00ED7909 /* kernel_resolver.h */ = {isa = PBXFileReference; fileEncoding = 4; lastKnownFileType = sourcecode.c.h; path = kernel_resolver.h; sourceTree = "<group>"; };
/* End PBXFileReference section */

/* Begin PBXFrameworksBuildPhase section */
		C53A0125210960BA00ED7909 /* Frameworks */ = {
			isa = PBXFrameworksBuildPhase;
			buildActionMask = 2147483647;
			files = (
			);
			runOnlyForDeploymentPostprocessing = 0;
		};
/* End PBXFrameworksBuildPhase section */

/* Begin PBXGroup section */
		C53A011E210960BA00ED7909 = {
			isa = PBXGroup;
			children = (
				C53A012A210960BA00ED7909 /* UptimeChanger */,
				C53A0129210960BA00ED7909 /* Products */,
			);
			sourceTree = "<group>";
		};
		C53A0129210960BA00ED7909 /* Products */ = {
			isa = PBXGroup;
			children = (
				C53A0128210960BA00ED7909 /* UptimeChanger.kext */,
			);
			name = Products;
			sourceTree = "<group>";
		};
		C53A012A210960BA00ED7909 /* UptimeChanger */ = {
			isa = PBXGroup;
			children = (
				C53A012B210960BA00ED7909 /* UptimeChanger.c */,
				C53A01332109694500ED7909 /* kernel_resolver.c */,
				C53A01352109695E00ED7909 /* kernel_resolver.h */,
				C53A012D210960BA00ED7909 /* Info.plist */,
			);
			path = UptimeChanger;
			sourceTree = "<group>";
		};
/* End PBXGroup section */

/* Begin PBXHeadersBuildPhase section */
		C53A0123210960BA00ED7909 /* Headers */ = {
			isa = PBXHeadersBuildPhase;
			buildActionMask = 2147483647;
			files = (
				C53A01362109695E00ED7909 /* kernel_resolver.h in Headers */,
			);
			runOnlyForDeploymentPostprocessing = 0;
		};
/* End PBXHeadersBuildPhase section */

/* Begin PBXNativeTarget section */
		C53A0127210960BA00ED7909 /* UptimeChanger */ = {
			isa = PBXNativeTarget;
			buildConfigurationList = C53A0130210960BA00ED7909 /* Build configuration list for PBXNativeTarget "UptimeChanger" */;
			buildPhases = (
				C53A0123210960BA00ED7909 /* Headers */,
				C53A0124210960BA00ED7909 /* Sources */,
				C53A0125210960BA00ED7909 /* Frameworks */,
				C53A0126210960BA00ED7909 /* Resources */,
			);
			buildRules = (
			);
			dependencies = (
			);
			name = UptimeChanger;
			productName = UptimeChanger;
			productReference = C53A0128210960BA00ED7909 /* UptimeChanger.kext */;
			productType = "com.apple.product-type.kernel-extension";
		};
/* End PBXNativeTarget section */

/* Begin PBXProject section */
		C53A011F210960BA00ED7909 /* Project object */ = {
			isa = PBXProject;
			attributes = {
				LastUpgradeCheck = 1000;
				ORGANIZATIONNAME = "Zhuowei Zhang";
				TargetAttributes = {
					C53A0127210960BA00ED7909 = {
						CreatedOnToolsVersion = 10.0;
					};
				};
			};
			buildConfigurationList = C53A0122210960BA00ED7909 /* Build configuration list for PBXProject "UptimeChanger" */;
			compatibilityVersion = "Xcode 9.3";
			developmentRegion = en;
			hasScannedForEncodings = 0;
			knownRegions = (
				en,
			);
			mainGroup = C53A011E210960BA00ED7909;
			productRefGroup = C53A0129210960BA00ED7909 /* Products */;
			projectDirPath = "";
			projectRoot = "";
			targets = (
				C53A0127210960BA00ED7909 /* UptimeChanger */,
			);
		};
/* End PBXProject section */

/* Begin PBXResourcesBuildPhase section */
		C53A0126210960BA00ED7909 /* Resources */ = {
			isa = PBXResourcesBuildPhase;
			buildActionMask = 2147483647;
			files = (
			);
			runOnlyForDeploymentPostprocessing = 0;
		};
/* End PBXResourcesBuildPhase section */

/* Begin PBXSourcesBuildPhase section */
		C53A0124210960BA00ED7909 /* Sources */ = {
			isa = PBXSourcesBuildPhase;
			buildActionMask = 2147483647;
			files = (
				C53A01342109694600ED7909 /* kernel_resolver.c in Sources */,
				C53A012C210960BA00ED7909 /* UptimeChanger.c in Sources */,
			);
			runOnlyForDeploymentPostprocessing = 0;
		};
/* End PBXSourcesBuildPhase section */

/* Begin XCBuildConfiguration section */
		C53A012E210960BA00ED7909 /* Debug */ = {
			isa = XCBuildConfiguration;
			buildSettings = {
				ALWAYS_SEARCH_USER_PATHS = NO;
				CLANG_ANALYZER_NONNULL = YES;
				CLANG_ANALYZER_NUMBER_OBJECT_CONVERSION = YES_AGGRESSIVE;
				CLANG_CXX_LANGUAGE_STANDARD = "gnu++14";
				CLANG_CXX_LIBRARY = "libc++";
				CLANG_ENABLE_MODULES = YES;
				CLANG_ENABLE_OBJC_ARC = YES;
				CLANG_ENABLE_OBJC_WEAK = YES;
				CLANG_WARN_BLOCK_CAPTURE_AUTORELEASING = YES;
				CLANG_WARN_BOOL_CONVERSION = YES;
				CLANG_WARN_COMMA = YES;
				CLANG_WARN_CONSTANT_CONVERSION = YES;
				CLANG_WARN_DEPRECATED_OBJC_IMPLEMENTATIONS = YES;
				CLANG_WARN_DIRECT_OBJC_ISA_USAGE = YES_ERROR;
				CLANG_WARN_DOCUMENTATION_COMMENTS = YES;
				CLANG_WARN_EMPTY_BODY = YES;
				CLANG_WARN_ENUM_CONVERSION = YES;
				CLANG_WARN_INFINITE_RECURSION = YES;
				CLANG_WARN_INT_CONVERSION = YES;
				CLANG_WARN_NON_LITERAL_NULL_CONVERSION = YES;
				CLANG_WARN_OBJC_IMPLICIT_RETAIN_SELF = YES;
				CLANG_WARN_OBJC_LITERAL_CONVERSION = YES;
				CLANG_WARN_OBJC_ROOT_CLASS = YES_ERROR;
				CLANG_WARN_RANGE_LOOP_ANALYSIS = YES;
				CLANG_WARN_STRICT_PROTOTYPES = YES;
				CLANG_WARN_SUSPICIOUS_MOVE = YES;
				CLANG_WARN_UNGUARDED_AVAILABILITY = YES_AGGRESSIVE;
				CLANG_WARN_UNREACHABLE_CODE = YES;
				CLANG_WARN__DUPLICATE_METHOD_MATCH = YES;
				CODE_SIGN_IDENTITY = "-";
				COPY_PHASE_STRIP = NO;
				DEBUG_INFORMATION_FORMAT = dwarf;
				ENABLE_STRICT_OBJC_MSGSEND = YES;
				ENABLE_TESTABILITY = YES;
				GCC_C_LANGUAGE_STANDARD = gnu11;
				GCC_DYNAMIC_NO_PIC = NO;
				GCC_NO_COMMON_BLOCKS = YES;
				GCC_OPTIMIZATION_LEVEL = 0;
				GCC_PREPROCESSOR_DEFINITIONS = (
					"DEBUG=1",
					"$(inherited)",
				);
				GCC_WARN_64_TO_32_BIT_CONVERSION = YES;
				GCC_WARN_ABOUT_RETURN_TYPE = YES_ERROR;
				GCC_WARN_UNDECLARED_SELECTOR = YES;
				GCC_WARN_UNINITIALIZED_AUTOS = YES_AGGRESSIVE;
				GCC_WARN_UNUSED_FUNCTION = YES;
				GCC_WARN_UNUSED_VARIABLE = YES;
				MACOSX_DEPLOYMENT_TARGET = 10.14;
				MTL_ENABLE_DEBUG_INFO = INCLUDE_SOURCE;
				ONLY_ACTIVE_ARCH = YES;
				SDKROOT = macosx;
			};
			name = Debug;
		};
		C53A012F210960BA00ED7909 /* Release */ = {
			isa = XCBuildConfiguration;
			buildSettings = {
				ALWAYS_SEARCH_USER_PATHS = NO;
				CLANG_ANALYZER_NONNULL = YES;
				CLANG_ANALYZER_NUMBER_OBJECT_CONVERSION = YES_AGGRESSIVE;
				CLANG_CXX_LANGUAGE_STANDARD = "gnu++14";
				CLANG_CXX_LIBRARY = "libc++";
				CLANG_ENABLE_MODULES = YES;
				CLANG_ENABLE_OBJC_ARC = YES;
				CLANG_ENABLE_OBJC_WEAK = YES;
				CLANG_WARN_BLOCK_CAPTURE_AUTORELEASING = YES;
				CLANG_WARN_BOOL_CONVERSION = YES;
				CLANG_WARN_COMMA = YES;
				CLANG_WARN_CONSTANT_CONVERSION = YES;
				CLANG_WARN_DEPRECATED_OBJC_IMPLEMENTATIONS = YES;
				CLANG_WARN_DIRECT_OBJC_ISA_USAGE = YES_ERROR;
				CLANG_WARN_DOCUMENTATION_COMMENTS = YES;
				CLANG_WARN_EMPTY_BODY = YES;
				CLANG_WARN_ENUM_CONVERSION = YES;
				CLANG_WARN_INFINITE_RECURSION = YES;
				CLANG_WARN_INT_CONVERSION = YES;
				CLANG_WARN_NON_LITERAL_NULL_CONVERSION = YES;
				CLANG_WARN_OBJC_IMPLICIT_RETAIN_SELF = YES;
				CLANG_WARN_OBJC_LITERAL_CONVERSION = YES;
				CLANG_WARN_OBJC_ROOT_CLASS = YES_ERROR;
				CLANG_WARN_RANGE_LOOP_ANALYSIS = YES;
				CLANG_WARN_STRICT_PROTOTYPES = YES;
				CLANG_WARN_SUSPICIOUS_MOVE = YES;
				CLANG_WARN_UNGUARDED_AVAILABILITY = YES_AGGRESSIVE;
				CLANG_WARN_UNREACHABLE_CODE = YES;
				CLANG_WARN__DUPLICATE_METHOD_MATCH = YES;
				CODE_SIGN_IDENTITY = "-";
				COPY_PHASE_STRIP = NO;
				DEBUG_INFORMATION_FORMAT = "dwarf-with-dsym";
				ENABLE_NS_ASSERTIONS = NO;
				ENABLE_STRICT_OBJC_MSGSEND = YES;
				GCC_C_LANGUAGE_STANDARD = gnu11;
				GCC_NO_COMMON_BLOCKS = YES;
				GCC_WARN_64_TO_32_BIT_CONVERSION = YES;
				GCC_WARN_ABOUT_RETURN_TYPE = YES_ERROR;
				GCC_WARN_UNDECLARED_SELECTOR = YES;
				GCC_WARN_UNINITIALIZED_AUTOS = YES_AGGRESSIVE;
				GCC_WARN_UNUSED_FUNCTION = YES;
				GCC_WARN_UNUSED_VARIABLE = YES;
				MACOSX_DEPLOYMENT_TARGET = 10.14;
				MTL_ENABLE_DEBUG_INFO = NO;
				SDKROOT = macosx;
			};
			name = Release;
		};
		C53A0131210960BA00ED7909 /* Debug */ = {
			isa = XCBuildConfiguration;
			buildSettings = {
				CODE_SIGN_STYLE = Automatic;
				INFOPLIST_FILE = UptimeChanger/Info.plist;
				MODULE_NAME = com.worthdoingbadly.UptimeChanger;
				MODULE_START = UptimeChanger_start;
				MODULE_STOP = UptimeChanger_stop;
				MODULE_VERSION = 1.0.0d1;
				PRODUCT_BUNDLE_IDENTIFIER = com.worthdoingbadly.UptimeChanger;
				PRODUCT_NAME = "$(TARGET_NAME)";
				WRAPPER_EXTENSION = kext;
			};
			name = Debug;
		};
		C53A0132210960BA00ED7909 /* Release */ = {
			isa = XCBuildConfiguration;
			buildSettings = {
				CODE_SIGN_STYLE = Automatic;
				INFOPLIST_FILE = UptimeChanger/Info.plist;
				MODULE_NAME = com.worthdoingbadly.UptimeChanger;
				MODULE_START = UptimeChanger_start;
				MODULE_STOP = UptimeChanger_stop;
				MODULE_VERSION = 1.0.0d1;
				PRODUCT_BUNDLE_IDENTIFIER = com.worthdoingbadly.UptimeChanger;
				PRODUCT_NAME = "$(TARGET_NAME)";
				WRAPPER_EXTENSION = kext;
			};
			name = Release;
		};
/* End XCBuildConfiguration section */

/* Begin XCConfigurationList section */
		C53A0122210960BA00ED7909 /* Build configuration list for PBXProject "UptimeChanger" */ = {
			isa = XCConfigurationList;
			buildConfigurations = (
				C53A012E210960BA00ED7909 /* Debug */,
				C53A012F210960BA00ED7909 /* Release */,
			);
			defaultConfigurationIsVisible = 0;
			defaultConfigurationName = Release;
		};
		C53A0130210960BA00ED7909 /* Build configuration list for PBXNativeTarget "UptimeChanger" */ = {
			isa = XCConfigurationList;
			buildConfigurations = (
				C53A0131210960BA00ED7909 /* Debug */,
				C53A0132210960BA00ED7909 /* Release */,
			);
			defaultConfigurationIsVisible = 0;
			defaultConfigurationName = Release;
		};
/* End XCConfigurationList section */
	};
	rootObject = C53A011F210960BA00ED7909 /* Project object */;
}
